
Microsoft Visual Studio Solution File, Format Version 12.00
# Visual Studio 15
VisualStudioVersion = 15.0.27703.2035
MinimumVisualStudioVersion = 10.0.40219.1
Project("{FAE04EC0-301F-11D3-BF4B-00C04F79EFBC}") = "MessageSender.WEB", "MessageSender.WEB\MessageSender.WEB.csproj", "{1E89C90D-27E7-424C-9C39-D193B30C49E5}"
EndProject
Project("{FAE04EC0-301F-11D3-BF4B-00C04F79EFBC}") = "MessageSender.DAL", "MessageSender.DAL\MessageSender.DAL.csproj", "{86C78216-EBDA-4D2A-B388-A62FE0958AA0}"
EndProject
Project("{FAE04EC0-301F-11D3-BF4B-00C04F79EFBC}") = "MessageSender.BLL", "MessageSender.BLL\MessageSender.BLL.csproj", "{43B47BBF-8F2A-4C08-ACE4-3DC85A7DB106}"
EndProject
Global
	GlobalSection(SolutionConfigurationPlatforms) = preSolution
		Debug|Any CPU = Debug|Any CPU
		Release|Any CPU = Release|Any CPU
	EndGlobalSection
	GlobalSection(ProjectConfigurationPlatforms) = postSolution
		{1E89C90D-27E7-424C-9C39-D193B30C49E5}.Debug|Any CPU.ActiveCfg = Debug|Any CPU
		{1E89C90D-27E7-424C-9C39-D193B30C49E5}.Debug|Any CPU.Build.0 = Debug|Any CPU
		{1E89C90D-27E7-424C-9C39-D193B30C49E5}.Release|Any CPU.ActiveCfg = Release|Any CPU
		{1E89C90D-27E7-424C-9C39-D193B30C49E5}.Release|Any CPU.Build.0 = Release|Any CPU
		{86C78216-EBDA-4D2A-B388-A62FE0958AA0}.Debug|Any CPU.ActiveCfg = Debug|Any CPU
		{86C78216-EBDA-4D2A-B388-A62FE0958AA0}.Debug|Any CPU.Build.0 = Debug|Any CPU
		{86C78216-EBDA-4D2A-B388-A62FE0958AA0}.Release|Any CPU.ActiveCfg = Release|Any CPU
		{86C78216-EBDA-4D2A-B388-A62FE0958AA0}.Release|Any CPU.Build.0 = Release|Any CPU
		{43B47BBF-8F2A-4C08-ACE4-3DC85A7DB106}.Debug|Any CPU.ActiveCfg = Debug|Any CPU
		{43B47BBF-8F2A-4C08-ACE4-3DC85A7DB106}.Debug|Any CPU.Build.0 = Debug|Any CPU
		{43B47BBF-8F2A-4C08-ACE4-3DC85A7DB106}.Release|Any CPU.ActiveCfg = Release|Any CPU
		{43B47BBF-8F2A-4C08-ACE4-3DC85A7DB106}.Release|Any CPU.Build.0 = Release|Any CPU
	EndGlobalSection
	GlobalSection(SolutionProperties) = preSolution
		HideSolutionNode = FALSE
	EndGlobalSection
	GlobalSection(ExtensibilityGlobals) = postSolution
		SolutionGuid = {732ED248-6A7B-479D-99D7-0C6116719028}
	EndGlobalSection
EndGlobal
